{
    "_readme": [
        "This file locks the dependencies of your project to a known state",
        "Read more about it at http://getcomposer.org/doc/01-basic-usage.md#composer-lock-the-lock-file",
        "This file is @generated automatically"
    ],
    "hash": "3653422e837906a4e212a6bb92ab181e",
    "packages": [
        {
            "name": "aoe/amazon-cdn",
            "version": "1.0.1",
            "source": {
                "type": "git",
                "url": "https://github.com/danslo/Aoe_AmazonCdn.git",
                "reference": "7a0363e0c9f7fa56f735423cec740143fb763c5e"
            },
            "dist": {
                "type": "zip",
                "url": "https://api.github.com/repos/danslo/Aoe_AmazonCdn/zipball/7a0363e0c9f7fa56f735423cec740143fb763c5e",
                "reference": "7a0363e0c9f7fa56f735423cec740143fb763c5e",
                "shasum": ""
            },
            "require": {
                "aws/aws-sdk-php": "~2.7.1",
                "danslo/libraryrewrite": "~1.0.0",
                "firegento/psr0autoloader": "*@dev",
                "magento-hackathon/magento-composer-installer": "~2.0.0"
            },
            "type": "magento-module",
            "license": [
                "OSL-3.0"
            ],
            "authors": [
                {
                    "name": "Dmytro Zavalkin",
                    "email": "dmytro.zavalkin@aoe.com"
                }
            ],
            "description": "Onepica_ImageCdn fork focused purely on S3 with some customizations and improvements.",
            "support": {
                "source": "https://github.com/danslo/Aoe_AmazonCdn/tree/1.0.1"
            },
            "time": "2014-10-23 14:36:57"
        },
        {
            "name": "aws/aws-sdk-php",
            "version": "2.7.3",
            "source": {
                "type": "git",
                "url": "https://github.com/aws/aws-sdk-php.git",
                "reference": "142116308c921e18777fb73a46e87f7f899209b2"
            },
            "dist": {
                "type": "zip",
                "url": "https://api.github.com/repos/aws/aws-sdk-php/zipball/142116308c921e18777fb73a46e87f7f899209b2",
                "reference": "142116308c921e18777fb73a46e87f7f899209b2",
                "shasum": ""
            },
            "require": {
                "guzzle/guzzle": "~3.7",
                "php": ">=5.3.3"
            },
            "require-dev": {
                "doctrine/cache": "~1.0",
                "ext-openssl": "*",
                "monolog/monolog": "~1.4",
                "phpunit/phpunit": "~4.0",
                "symfony/yaml": "~2.1"
            },
            "suggest": {
                "doctrine/cache": "Adds support for caching of credentials and responses",
                "ext-apc": "Allows service description opcode caching, request and response caching, and credentials caching",
                "ext-openssl": "Allows working with CloudFront private distributions and verifying received SNS messages",
                "monolog/monolog": "Adds support for logging HTTP requests and responses",
                "symfony/yaml": "Eases the ability to write manifests for creating jobs in AWS Import/Export"
            },
            "type": "library",
            "extra": {
                "branch-alias": {
                    "dev-master": "2.7-dev"
                }
            },
            "autoload": {
                "psr-0": {
                    "Aws": "src/"
                }
            },
            "license": [
                "Apache-2.0"
            ],
            "authors": [
                {
                    "name": "Amazon Web Services",
                    "homepage": "http://aws.amazon.com"
                }
            ],
            "description": "AWS SDK for PHP - Use Amazon Web Services in your PHP project",
            "homepage": "http://aws.amazon.com/sdkforphp",
            "keywords": [
                "amazon",
                "aws",
                "cloud",
                "dynamodb",
                "ec2",
                "glacier",
                "s3",
                "sdk"
            ],
            "support": {
                "forum": "https://forums.aws.amazon.com/forum.jspa?forumID=80",
                "issues": "https://github.com/aws/aws-sdk-php/issues",
                "source": "https://github.com/aws/aws-sdk-php/tree/2.7.3"
            },
            "time": "2014-11-06 22:36:17"
        },
        {
            "name": "danslo/libraryrewrite",
            "version": "1.0.1",
            "source": {
                "type": "git",
                "url": "https://github.com/danslo/LibraryRewrite.git",
                "reference": "a884581cc9335cd89fc5ce4ab5c0aa54cb8c0b9a"
            },
            "dist": {
                "type": "zip",
                "url": "https://api.github.com/repos/danslo/LibraryRewrite/zipball/a884581cc9335cd89fc5ce4ab5c0aa54cb8c0b9a",
                "reference": "a884581cc9335cd89fc5ce4ab5c0aa54cb8c0b9a",
                "shasum": ""
            },
            "require": {
                "magento-hackathon/magento-composer-installer": "*"
            },
            "type": "magento-module",
            "license": [
                "MIT"
            ],
            "authors": [
                {
                    "name": "Daniel Sloof"
                }
            ],
            "description": "Allows you to rewrite Magento libraries without copying them entirely.",
            "support": {
                "source": "https://github.com/danslo/LibraryRewrite/tree/1.0.1",
                "issues": "https://github.com/danslo/LibraryRewrite/issues"
            },
            "time": "2014-10-28 13:03:38"
        },
        {
            "name": "eloquent/composer-config-reader",
            "version": "2.0.0",
            "source": {
                "type": "git",
                "url": "https://github.com/eloquent/composer-config-reader.git",
                "reference": "b79319806e1bcc101c89a023b3aeee9e5931e463"
            },
            "dist": {
                "type": "zip",
                "url": "https://api.github.com/repos/eloquent/composer-config-reader/zipball/b79319806e1bcc101c89a023b3aeee9e5931e463",
                "reference": "b79319806e1bcc101c89a023b3aeee9e5931e463",
                "shasum": ""
            },
            "require": {
                "eloquent/enumeration": "~5",
                "eloquent/liberator": "~1",
                "icecave/isolator": "~2",
                "justinrainbow/json-schema": "~1",
                "php": ">=5.3"
            },
            "require-dev": {
                "icecave/archer": "~1"
            },
            "type": "library",
            "autoload": {
                "psr-4": {
                    "Eloquent\\Composer\\Configuration\\": "src"
                }
            },
            "notification-url": "https://packagist.org/downloads/",
            "license": [
                "MIT"
            ],
            "authors": [
                {
                    "name": "Erin Millard",
                    "email": "ezzatron@gmail.com",
                    "homepage": "http://ezzatron.com/"
                }
            ],
            "description": "A light-weight component for reading Composer configuration files.",
            "homepage": "https://github.com/eloquent/composer-config-reader",
            "keywords": [
                "composer",
                "configuration",
                "parser",
                "reader"
            ],
            "time": "2014-01-22 01:05:31"
        },
        {
            "name": "eloquent/enumeration",
            "version": "5.1.0",
            "source": {
                "type": "git",
                "url": "https://github.com/eloquent/enumeration.git",
                "reference": "9c50109cf25b2008b9b8233b814e50e0cdf8b737"
            },
            "dist": {
                "type": "zip",
                "url": "https://api.github.com/repos/eloquent/enumeration/zipball/9c50109cf25b2008b9b8233b814e50e0cdf8b737",
                "reference": "9c50109cf25b2008b9b8233b814e50e0cdf8b737",
                "shasum": ""
            },
            "require": {
                "php": ">=5.3"
            },
            "require-dev": {
                "icecave/archer": "~1"
            },
            "type": "library",
            "autoload": {
                "psr-4": {
                    "Eloquent\\Enumeration\\": "src"
                }
            },
            "notification-url": "https://packagist.org/downloads/",
            "license": [
                "MIT"
            ],
            "authors": [
                {
                    "name": "Erin Millard",
                    "email": "ezzatron@gmail.com",
                    "homepage": "http://ezzatron.com/"
                }
            ],
            "description": "An enumeration implementation for PHP.",
            "homepage": "https://github.com/eloquent/enumeration",
            "keywords": [
                "class",
                "enum",
                "enumeration",
                "multiton",
                "set",
                "type"
            ],
            "time": "2014-03-13 01:16:59"
        },
        {
            "name": "eloquent/liberator",
            "version": "1.1.1",
            "source": {
                "type": "git",
                "url": "https://github.com/eloquent/liberator.git",
                "reference": "a85435066850ab47acc61296c5d20732ff4c9655"
            },
            "dist": {
                "type": "zip",
                "url": "https://api.github.com/repos/eloquent/liberator/zipball/a85435066850ab47acc61296c5d20732ff4c9655",
                "reference": "a85435066850ab47acc61296c5d20732ff4c9655",
                "shasum": ""
            },
            "require": {
                "eloquent/pops": "~3",
                "php": ">=5.3.0"
            },
            "require-dev": {
                "icecave/archer": "~0.2"
            },
            "type": "library",
            "autoload": {
                "psr-0": {
                    "Eloquent\\Liberator": "src"
                }
            },
            "notification-url": "https://packagist.org/downloads/",
            "license": [
                "MIT"
            ],
            "authors": [
                {
                    "name": "Erin Millard",
                    "email": "ezzatron@gmail.com",
                    "homepage": "http://ezzatron.com/"
                }
            ],
            "description": "A proxy for circumventing PHP access modifier restrictions.",
            "homepage": "https://github.com/eloquent/liberator",
            "keywords": [
                "access",
                "modifier",
                "object",
                "private",
                "protected",
                "proxy",
                "reflection"
            ],
            "time": "2013-03-03 23:02:47"
        },
        {
            "name": "eloquent/pops",
            "version": "3.1.1",
            "source": {
                "type": "git",
                "url": "https://github.com/eloquent/pops.git",
                "reference": "b14090a3478f544d1b3a3b9389cb03415cf4f37f"
            },
            "dist": {
                "type": "zip",
                "url": "https://api.github.com/repos/eloquent/pops/zipball/b14090a3478f544d1b3a3b9389cb03415cf4f37f",
                "reference": "b14090a3478f544d1b3a3b9389cb03415cf4f37f",
                "shasum": ""
            },
            "require": {
                "php": ">=5.3.0"
            },
            "require-dev": {
                "icecave/archer": "~0.2"
            },
            "type": "library",
            "autoload": {
                "psr-0": {
                    "Eloquent\\Pops": "src"
                }
            },
            "notification-url": "https://packagist.org/downloads/",
            "license": [
                "MIT"
            ],
            "authors": [
                {
                    "name": "Erin Millard",
                    "email": "ezzatron@gmail.com",
                    "homepage": "http://ezzatron.com/"
                }
            ],
            "description": "PHP object proxy system.",
            "homepage": "https://github.com/eloquent/pops",
            "keywords": [
                "escaping",
                "object",
                "proxy"
            ],
            "time": "2013-03-04 10:10:43"
        },
        {
            "name": "firegento/psr0autoloader",
            "version": "0.1.0",
            "source": {
                "type": "git",
                "url": "https://github.com/magento-hackathon/Magento-PSR-0-Autoloader.git",
                "reference": "69f275ab0f61c99ccbdcca4955dc058660127e76"
            },
            "dist": {
                "type": "zip",
                "url": "https://api.github.com/repos/magento-hackathon/Magento-PSR-0-Autoloader/zipball/69f275ab0f61c99ccbdcca4955dc058660127e76",
                "reference": "69f275ab0f61c99ccbdcca4955dc058660127e76",
                "shasum": ""
            },
            "require": {
                "magento-hackathon/magento-composer-installer": "*"
            },
            "require-dev": {
                "ecomdev/mage-ci": "master-dev"
            },
            "type": "magento-module",
            "license": [
                "GPL-3.0"
            ],
            "authors": [
                {
                    "name": "Michael Ryvlin"
                },
                {
                    "name": "Damian Luszczymak"
                }
            ],
            "description": "This extension adds a PSR-0 autoloader before the Varien autoloader",
            "support": {
                "source": "https://github.com/magento-hackathon/Magento-PSR-0-Autoloader/tree/0.1.0",
                "issues": "https://github.com/magento-hackathon/Magento-PSR-0-Autoloader/issues"
            },
            "time": "2014-11-03 00:14:37"
        },
        {
            "name": "guzzle/guzzle",
            "version": "v3.9.2",
            "source": {
                "type": "git",
                "url": "https://github.com/guzzle/guzzle3.git",
                "reference": "54991459675c1a2924122afbb0e5609ade581155"
            },
            "dist": {
                "type": "zip",
                "url": "https://api.github.com/repos/guzzle/guzzle3/zipball/54991459675c1a2924122afbb0e5609ade581155",
                "reference": "54991459675c1a2924122afbb0e5609ade581155",
                "shasum": ""
            },
            "require": {
                "ext-curl": "*",
                "php": ">=5.3.3",
                "symfony/event-dispatcher": "~2.1"
            },
            "replace": {
                "guzzle/batch": "self.version",
                "guzzle/cache": "self.version",
                "guzzle/common": "self.version",
                "guzzle/http": "self.version",
                "guzzle/inflection": "self.version",
                "guzzle/iterator": "self.version",
                "guzzle/log": "self.version",
                "guzzle/parser": "self.version",
                "guzzle/plugin": "self.version",
                "guzzle/plugin-async": "self.version",
                "guzzle/plugin-backoff": "self.version",
                "guzzle/plugin-cache": "self.version",
                "guzzle/plugin-cookie": "self.version",
                "guzzle/plugin-curlauth": "self.version",
                "guzzle/plugin-error-response": "self.version",
                "guzzle/plugin-history": "self.version",
                "guzzle/plugin-log": "self.version",
                "guzzle/plugin-md5": "self.version",
                "guzzle/plugin-mock": "self.version",
                "guzzle/plugin-oauth": "self.version",
                "guzzle/service": "self.version",
                "guzzle/stream": "self.version"
            },
            "require-dev": {
                "doctrine/cache": "~1.3",
                "monolog/monolog": "~1.0",
                "phpunit/phpunit": "3.7.*",
                "psr/log": "~1.0",
                "symfony/class-loader": "~2.1",
                "zendframework/zend-cache": "2.*,<2.3",
                "zendframework/zend-log": "2.*,<2.3"
            },
            "type": "library",
            "extra": {
                "branch-alias": {
                    "dev-master": "3.9-dev"
                }
            },
            "autoload": {
                "psr-0": {
                    "Guzzle": "src/",
                    "Guzzle\\Tests": "tests/"
                }
            },
            "notification-url": "https://packagist.org/downloads/",
            "license": [
                "MIT"
            ],
            "authors": [
                {
                    "name": "Michael Dowling",
                    "email": "mtdowling@gmail.com",
                    "homepage": "https://github.com/mtdowling"
                },
                {
                    "name": "Guzzle Community",
                    "homepage": "https://github.com/guzzle/guzzle/contributors"
                }
            ],
            "description": "Guzzle is a PHP HTTP client library and framework for building RESTful web service clients",
            "homepage": "http://guzzlephp.org/",
            "keywords": [
                "client",
                "curl",
                "framework",
                "http",
                "http client",
                "rest",
                "web service"
            ],
            "time": "2014-08-11 04:32:36"
        },
        {
            "name": "icecave/isolator",
            "version": "2.3.0",
            "source": {
                "type": "git",
                "url": "https://github.com/IcecaveStudios/isolator.git",
                "reference": "97c51fafa39c57a8f1a31f978a48fbe6cea4a5d5"
            },
            "dist": {
                "type": "zip",
                "url": "https://api.github.com/repos/IcecaveStudios/isolator/zipball/97c51fafa39c57a8f1a31f978a48fbe6cea4a5d5",
                "reference": "97c51fafa39c57a8f1a31f978a48fbe6cea4a5d5",
                "shasum": ""
            },
            "require": {
                "php": ">=5.3"
            },
            "require-dev": {
                "icecave/archer": "~1"
            },
            "suggest": {
                "eloquent/asplode": "Drop-in exception-based error handling."
            },
            "type": "library",
            "autoload": {
                "psr-4": {
                    "Icecave\\Isolator\\": "src"
                }
            },
            "notification-url": "https://packagist.org/downloads/",
            "license": [
                "MIT"
            ],
            "authors": [
                {
                    "name": "James Harris",
                    "email": "james.harris@icecave.com.au",
                    "homepage": "https://github.com/jmalloc"
                }
            ],
            "description": "Dependency injection for global functions.",
            "homepage": "https://github.com/IcecaveStudios/isolator",
            "keywords": [
                "fake",
                "mock",
                "phake",
                "phpunit",
                "test",
                "unit"
            ],
            "time": "2014-08-12 03:16:11"
        },
        {
            "name": "justinrainbow/json-schema",
            "version": "1.3.7",
            "source": {
                "type": "git",
                "url": "https://github.com/justinrainbow/json-schema.git",
                "reference": "87b54b460febed69726c781ab67462084e97a105"
            },
            "dist": {
                "type": "zip",
                "url": "https://api.github.com/repos/justinrainbow/json-schema/zipball/87b54b460febed69726c781ab67462084e97a105",
                "reference": "87b54b460febed69726c781ab67462084e97a105",
                "shasum": ""
            },
            "require": {
                "php": ">=5.3.0"
            },
            "require-dev": {
                "json-schema/json-schema-test-suite": "1.1.0",
                "phpdocumentor/phpdocumentor": "~2",
                "phpunit/phpunit": "~3.7"
            },
            "bin": [
                "bin/validate-json"
            ],
            "type": "library",
            "extra": {
                "branch-alias": {
                    "dev-master": "1.4.x-dev"
                }
            },
            "autoload": {
                "psr-0": {
                    "JsonSchema": "src/"
                }
            },
            "notification-url": "https://packagist.org/downloads/",
            "license": [
                "BSD-3-Clause"
            ],
            "authors": [
                {
                    "name": "Bruno Prieto Reis",
                    "email": "bruno.p.reis@gmail.com"
                },
                {
                    "name": "Justin Rainbow",
                    "email": "justin.rainbow@gmail.com"
                },
                {
                    "name": "Igor Wiedler",
                    "email": "igor@wiedler.ch"
                },
                {
                    "name": "Robert Schönthal",
                    "email": "seroscho@googlemail.com"
                }
            ],
            "description": "A library to validate a json schema.",
            "homepage": "https://github.com/justinrainbow/json-schema",
            "keywords": [
                "json",
                "schema"
            ],
            "time": "2014-08-25 02:48:14"
        },
        {
            "name": "magento-hackathon/magento-composer-installer",
            "version": "2.0.0",
            "source": {
                "type": "git",
                "url": "https://github.com/magento-hackathon/magento-composer-installer.git",
                "reference": "3ffa023d2717d16bfc31c36c8184605dec3f34f7"
            },
            "dist": {
                "type": "zip",
                "url": "https://api.github.com/repos/magento-hackathon/magento-composer-installer/zipball/3ffa023d2717d16bfc31c36c8184605dec3f34f7",
                "reference": "3ffa023d2717d16bfc31c36c8184605dec3f34f7",
                "shasum": ""
            },
            "archive": {
                "exclude": [
                    "vendor",
                    "/tests/FullStackTest/"
                ]
            },
            "require": {
                "composer-plugin-api": "1.0.0",
                "eloquent/composer-config-reader": "2.*"
            },
            "require-dev": {
                "composer/composer": "*@dev",
                "mikey179/vfsstream": "*",
                "phpunit/phpunit": "*",
                "phpunit/phpunit-mock-objects": "dev-master",
                "symfony/process": "*"
            },
            "suggest": {
                "magento-hackathon/composer-command-integrator": "*",
                "theseer/autoload": "~1.14",
                "zetacomponents/console-tools": "dev-master"
            },
            "type": "composer-plugin",
            "extra": {
                "composer-command-registry": [
                    "MagentoHackathon\\Composer\\Magento\\Command\\DeployCommand"
                ],
                "class": "MagentoHackathon\\Composer\\Magento\\Plugin"
            },
            "autoload": {
                "psr-0": {
                    "MagentoHackathon\\Composer\\Magento": "src/"
                }
            },
            "license": [
                "OSL-3.0"
            ],
            "authors": [
                {
                    "name": "Daniel Fahlke aka Flyingmana",
                    "email": "flyingmana@googlemail.com"
                },
                {
                    "name": "Jörg Weller",
                    "email": "weller@flagbit.de"
                },
                {
                    "name": "Karl Spies",
                    "email": "karl.spies@gmx.net"
                },
                {
                    "name": "Tobias Vogt",
                    "email": "tobi@webguys.de"
                },
                {
                    "name": "David Fuhr",
                    "email": "fuhr@flagbit.de"
                },
                {
                    "name": "Vinai Kopp",
                    "email": "vinai@netzarbeiter.com"
                }
            ],
            "description": "Composer installer for Magento modules",
            "homepage": "https://github.com/magento-hackathon/magento-composer-installer",
            "keywords": [
                "composer-installer",
                "magento"
            ],
            "support": {
                "source": "https://github.com/magento-hackathon/magento-composer-installer/tree/2.0.0",
                "issues": "https://github.com/magento-hackathon/magento-composer-installer/issues"
            },
            "time": "2014-06-06 20:52:39"
        },
        {
            "name": "symfony/event-dispatcher",
            "version": "v2.5.6",
            "target-dir": "Symfony/Component/EventDispatcher",
            "source": {
                "type": "git",
                "url": "https://github.com/symfony/EventDispatcher.git",
                "reference": "804eb28dbbfba9ffdab21fe2066744906cea2212"
            },
            "dist": {
                "type": "zip",
                "url": "https://api.github.com/repos/symfony/EventDispatcher/zipball/804eb28dbbfba9ffdab21fe2066744906cea2212",
                "reference": "804eb28dbbfba9ffdab21fe2066744906cea2212",
                "shasum": ""
            },
            "require": {
                "php": ">=5.3.3"
            },
            "require-dev": {
                "psr/log": "~1.0",
                "symfony/config": "~2.0",
                "symfony/dependency-injection": "~2.0,<2.6.0",
                "symfony/stopwatch": "~2.2"
            },
            "suggest": {
                "symfony/dependency-injection": "",
                "symfony/http-kernel": ""
            },
            "type": "library",
            "extra": {
                "branch-alias": {
                    "dev-master": "2.5-dev"
                }
            },
            "autoload": {
                "psr-0": {
                    "Symfony\\Component\\EventDispatcher\\": ""
                }
            },
            "notification-url": "https://packagist.org/downloads/",
            "license": [
                "MIT"
            ],
            "authors": [
                {
                    "name": "Symfony Community",
                    "homepage": "http://symfony.com/contributors"
                },
                {
                    "name": "Fabien Potencier",
                    "email": "fabien@symfony.com"
                }
            ],
            "description": "Symfony EventDispatcher Component",
            "homepage": "http://symfony.com",
            "time": "2014-10-01 15:43:05"
        }
    ],
    "packages-dev": [],
    "aliases": [],
    "minimum-stability": "stable",
    "stability-flags": [],
    "prefer-stable": false,
    "platform": [],
    "platform-dev": []
}
